PODS:
  - Alamofire (5.4.3)
  - Kingfisher (6.3.0)
  - Nimble (9.2.0)
  - ObjectMapper (4.2.0)
  - Quick (4.0.0)

DEPENDENCIES:
  - Alamofire (~> 5.2)
  - Kingfisher (~> 6.3)
  - Nimble
  - ObjectMapper (~> 4.2)
  - Quick

SPEC REPOS:
  trunk:
    - Alamofire
    - Kingfisher
    - Nimble
    - ObjectMapper
    - Quick

SPEC CHECKSUMS:
  Alamofire: e447a2774a40c996748296fa2c55112fdbbc42f9
  Kingfisher: 6c3df386db71d82c0817a429d2c9421a77396529
  Nimble: 4f4a345c80b503b3ea13606a4f98405974ee4d0b
  ObjectMapper: 1eb41f610210777375fa806bf161dc39fb832b81
  Quick: 6473349e43b9271a8d43839d9ba1c442ed1b7ac4

PODFILE CHECKSUM: f6983e553716b991214800feb7245649f4dd1fae

COCOAPODS: 1.10.1
