PODS:
  - Alamofire (5.4.3)
  - ObjectMapper (4.2.0)

DEPENDENCIES:
  - Alamofire (~> 5.2)
  - ObjectMapper (~> 4.2)

SPEC REPOS:
  trunk:
    - Alamofire
    - ObjectMapper

SPEC CHECKSUMS:
  Alamofire: e447a2774a40c996748296fa2c55112fdbbc42f9
  ObjectMapper: 1eb41f610210777375fa806bf161dc39fb832b81

PODFILE CHECKSUM: 54119d443dc89bec3190f1d4ed645eb02d98a2a5

COCOAPODS: 1.10.1
