// !$*UTF8*$!
{
	archiveVersion = 1;
	classes = {
	};
	objectVersion = 51;
	objects = {

/* Begin PBXBuildFile section */
		2F1BD24263167F2AE059EDCE /* Pods_A_Commerce.framework in Frameworks */ = {isa = PBXBuildFile; fileRef = A8DBA8F5D53CCAF488C0BBCE /* Pods_A_Commerce.framework */; };
		50B25D1F7321E94EBE6A0DB6 /* Pods_A_Commerce_A_CommerceUITests.framework in Frameworks */ = {isa = PBXBuildFile; fileRef = F70E2CBC4CCF6E3900947C12 /* Pods_A_Commerce_A_CommerceUITests.framework */; };
		7DBF8A662692C45A003D16B0 /* ProductListInteractorSpec.swift in Sources */ = {isa = PBXBuildFile; fileRef = 7DBF8A652692C45A003D16B0 /* ProductListInteractorSpec.swift */; };
		7DBF8A7E2692D03A003D16B0 /* ProductListSnapshot.swift in Sources */ = {isa = PBXBuildFile; fileRef = 7DBF8A7D2692D03A003D16B0 /* ProductListSnapshot.swift */; };
		A051CDCD330553128A02A9E4 /* Pods_A_CommerceTests.framework in Frameworks */ = {isa = PBXBuildFile; fileRef = 9540BC40B6A17D737E8299BF /* Pods_A_CommerceTests.framework */; };
		AB0E70FE266FBAFD00117AE6 /* ProductCollectionViewCell.swift in Sources */ = {isa = PBXBuildFile; fileRef = AB0E70FC266FBAFD00117AE6 /* ProductCollectionViewCell.swift */; };
		AB0E70FF266FBAFD00117AE6 /* ProductCollectionViewCell.xib in Resources */ = {isa = PBXBuildFile; fileRef = AB0E70FD266FBAFD00117AE6 /* ProductCollectionViewCell.xib */; };
		AB0E7102266FCEF100117AE6 /* ProductDetailViewController.swift in Sources */ = {isa = PBXBuildFile; fileRef = AB0E7100266FCEF100117AE6 /* ProductDetailViewController.swift */; };
		AB0E7103266FCEF100117AE6 /* ProductDetailViewController.xib in Resources */ = {isa = PBXBuildFile; fileRef = AB0E7101266FCEF100117AE6 /* ProductDetailViewController.xib */; };
		AB0E7105266FCF2600117AE6 /* ProductDetailInteractor.swift in Sources */ = {isa = PBXBuildFile; fileRef = AB0E7104266FCF2600117AE6 /* ProductDetailInteractor.swift */; };
		AB0E7107266FCF8600117AE6 /* ProductDetailPresenter.swift in Sources */ = {isa = PBXBuildFile; fileRef = AB0E7106266FCF8600117AE6 /* ProductDetailPresenter.swift */; };
		AB0E7109266FD1D100117AE6 /* ProductDetailConfigurator.swift in Sources */ = {isa = PBXBuildFile; fileRef = AB0E7108266FD1D100117AE6 /* ProductDetailConfigurator.swift */; };
		AB0E710C266FE04B00117AE6 /* ErrorView.swift in Sources */ = {isa = PBXBuildFile; fileRef = AB0E710B266FE04B00117AE6 /* ErrorView.swift */; };
		AB0E710E266FE05300117AE6 /* ErrorView.xib in Resources */ = {isa = PBXBuildFile; fileRef = AB0E710D266FE05300117AE6 /* ErrorView.xib */; };
		AB0E7111266FE29D00117AE6 /* UIViewExtension.swift in Sources */ = {isa = PBXBuildFile; fileRef = AB0E7110266FE29D00117AE6 /* UIViewExtension.swift */; };
		AB0E711F266FFAAB00117AE6 /* ProductListInteractorTests.swift in Sources */ = {isa = PBXBuildFile; fileRef = AB0E711E266FFAAB00117AE6 /* ProductListInteractorTests.swift */; };
		AB0E7121266FFB7B00117AE6 /* A_CommerceTests.swift in Sources */ = {isa = PBXBuildFile; fileRef = AB0E7120266FFB7B00117AE6 /* A_CommerceTests.swift */; };
		AB0E7123266FFB8600117AE6 /* A_CommerceUITests.swift in Sources */ = {isa = PBXBuildFile; fileRef = AB0E7122266FFB8600117AE6 /* A_CommerceUITests.swift */; };
		AB0E7126266FFF9000117AE6 /* ProductWorkerMock.swift in Sources */ = {isa = PBXBuildFile; fileRef = AB0E7125266FFF9000117AE6 /* ProductWorkerMock.swift */; };
		AB0E71282670031600117AE6 /* ProductListPresenterTests.swift in Sources */ = {isa = PBXBuildFile; fileRef = AB0E71272670031600117AE6 /* ProductListPresenterTests.swift */; };
		AB5284ED266D1B46005BA72A /* AppDelegate.swift in Sources */ = {isa = PBXBuildFile; fileRef = AB5284EC266D1B46005BA72A /* AppDelegate.swift */; };
		AB5284EF266D1B46005BA72A /* SceneDelegate.swift in Sources */ = {isa = PBXBuildFile; fileRef = AB5284EE266D1B46005BA72A /* SceneDelegate.swift */; };
		AB5284F7266D1B46005BA72A /* A_Commerce.xcdatamodeld in Sources */ = {isa = PBXBuildFile; fileRef = AB5284F5266D1B46005BA72A /* A_Commerce.xcdatamodeld */; };
		AB5284F9266D1B47005BA72A /* Assets.xcassets in Resources */ = {isa = PBXBuildFile; fileRef = AB5284F8266D1B47005BA72A /* Assets.xcassets */; };
		AB5284FC266D1B47005BA72A /* LaunchScreen.storyboard in Resources */ = {isa = PBXBuildFile; fileRef = AB5284FA266D1B47005BA72A /* LaunchScreen.storyboard */; };
		AB528524266D1D6A005BA72A /* ProductListViewController.swift in Sources */ = {isa = PBXBuildFile; fileRef = AB528522266D1D6A005BA72A /* ProductListViewController.swift */; };
		AB528525266D1D6A005BA72A /* ProductListViewController.xib in Resources */ = {isa = PBXBuildFile; fileRef = AB528523266D1D6A005BA72A /* ProductListViewController.xib */; };
		AB528527266D2022005BA72A /* Main.storyboard in Resources */ = {isa = PBXBuildFile; fileRef = AB528526266D2022005BA72A /* Main.storyboard */; };
		AB528529266D237F005BA72A /* ProductListConfigurator.swift in Sources */ = {isa = PBXBuildFile; fileRef = AB528528266D237F005BA72A /* ProductListConfigurator.swift */; };
		AB52852E266D284C005BA72A /* ProductListInteractor.swift in Sources */ = {isa = PBXBuildFile; fileRef = AB52852D266D284C005BA72A /* ProductListInteractor.swift */; };
		AB528531266D28E1005BA72A /* Product.swift in Sources */ = {isa = PBXBuildFile; fileRef = AB528530266D28E1005BA72A /* Product.swift */; };
		AB52853A266D2C6D005BA72A /* ProductRemoteWorker.swift in Sources */ = {isa = PBXBuildFile; fileRef = AB528539266D2C6D005BA72A /* ProductRemoteWorker.swift */; };
		AB52853F266D308C005BA72A /* ProductListPresenter.swift in Sources */ = {isa = PBXBuildFile; fileRef = AB52853E266D308C005BA72A /* ProductListPresenter.swift */; };
		AB528541266D31B6005BA72A /* ProductListRouter.swift in Sources */ = {isa = PBXBuildFile; fileRef = AB528540266D31B6005BA72A /* ProductListRouter.swift */; };
		AB528543266D3412005BA72A /* ProductWorker.swift in Sources */ = {isa = PBXBuildFile; fileRef = AB528542266D3412005BA72A /* ProductWorker.swift */; };
		AB528547266D3E9E005BA72A /* ErrorType.swift in Sources */ = {isa = PBXBuildFile; fileRef = AB528546266D3E9E005BA72A /* ErrorType.swift */; };
/* End PBXBuildFile section */

/* Begin PBXContainerItemProxy section */
		AB528503266D1B47005BA72A /* PBXContainerItemProxy */ = {
			isa = PBXContainerItemProxy;
			containerPortal = AB5284E1266D1B46005BA72A /* Project object */;
			proxyType = 1;
			remoteGlobalIDString = AB5284E8266D1B46005BA72A;
			remoteInfo = "A-Commerce";
		};
		AB52850E266D1B47005BA72A /* PBXContainerItemProxy */ = {
			isa = PBXContainerItemProxy;
			containerPortal = AB5284E1266D1B46005BA72A /* Project object */;
			proxyType = 1;
			remoteGlobalIDString = AB5284E8266D1B46005BA72A;
			remoteInfo = "A-Commerce";
		};
/* End PBXContainerItemProxy section */

/* Begin PBXFileReference section */
		02CF205E93E1A7FA484BBBF8 /* Pods-A-CommerceTests.debug.xcconfig */ = {isa = PBXFileReference; includeInIndex = 1; lastKnownFileType = text.xcconfig; name = "Pods-A-CommerceTests.debug.xcconfig"; path = "Target Support Files/Pods-A-CommerceTests/Pods-A-CommerceTests.debug.xcconfig"; sourceTree = "<group>"; };
		42B4A856D5145AA729F43410 /* Pods-A-Commerce-A-CommerceUITests.debug.xcconfig */ = {isa = PBXFileReference; includeInIndex = 1; lastKnownFileType = text.xcconfig; name = "Pods-A-Commerce-A-CommerceUITests.debug.xcconfig"; path = "Target Support Files/Pods-A-Commerce-A-CommerceUITests/Pods-A-Commerce-A-CommerceUITests.debug.xcconfig"; sourceTree = "<group>"; };
		7DBF8A652692C45A003D16B0 /* ProductListInteractorSpec.swift */ = {isa = PBXFileReference; lastKnownFileType = sourcecode.swift; path = ProductListInteractorSpec.swift; sourceTree = "<group>"; };
		7DBF8A7D2692D03A003D16B0 /* ProductListSnapshot.swift */ = {isa = PBXFileReference; lastKnownFileType = sourcecode.swift; path = ProductListSnapshot.swift; sourceTree = "<group>"; };
		8844C4B8F7623E65F69CC4B4 /* Pods-A-CommerceTests.release.xcconfig */ = {isa = PBXFileReference; includeInIndex = 1; lastKnownFileType = text.xcconfig; name = "Pods-A-CommerceTests.release.xcconfig"; path = "Target Support Files/Pods-A-CommerceTests/Pods-A-CommerceTests.release.xcconfig"; sourceTree = "<group>"; };
		9540BC40B6A17D737E8299BF /* Pods_A_CommerceTests.framework */ = {isa = PBXFileReference; explicitFileType = wrapper.framework; includeInIndex = 0; path = Pods_A_CommerceTests.framework; sourceTree = BUILT_PRODUCTS_DIR; };
		A8DBA8F5D53CCAF488C0BBCE /* Pods_A_Commerce.framework */ = {isa = PBXFileReference; explicitFileType = wrapper.framework; includeInIndex = 0; path = Pods_A_Commerce.framework; sourceTree = BUILT_PRODUCTS_DIR; };
		AB0E70FC266FBAFD00117AE6 /* ProductCollectionViewCell.swift */ = {isa = PBXFileReference; lastKnownFileType = sourcecode.swift; path = ProductCollectionViewCell.swift; sourceTree = "<group>"; };
		AB0E70FD266FBAFD00117AE6 /* ProductCollectionViewCell.xib */ = {isa = PBXFileReference; lastKnownFileType = file.xib; path = ProductCollectionViewCell.xib; sourceTree = "<group>"; };
		AB0E7100266FCEF100117AE6 /* ProductDetailViewController.swift */ = {isa = PBXFileReference; lastKnownFileType = sourcecode.swift; path = ProductDetailViewController.swift; sourceTree = "<group>"; };
		AB0E7101266FCEF100117AE6 /* ProductDetailViewController.xib */ = {isa = PBXFileReference; lastKnownFileType = file.xib; path = ProductDetailViewController.xib; sourceTree = "<group>"; };
		AB0E7104266FCF2600117AE6 /* ProductDetailInteractor.swift */ = {isa = PBXFileReference; lastKnownFileType = sourcecode.swift; path = ProductDetailInteractor.swift; sourceTree = "<group>"; };
		AB0E7106266FCF8600117AE6 /* ProductDetailPresenter.swift */ = {isa = PBXFileReference; lastKnownFileType = sourcecode.swift; path = ProductDetailPresenter.swift; sourceTree = "<group>"; };
		AB0E7108266FD1D100117AE6 /* ProductDetailConfigurator.swift */ = {isa = PBXFileReference; lastKnownFileType = sourcecode.swift; path = ProductDetailConfigurator.swift; sourceTree = "<group>"; };
		AB0E710B266FE04B00117AE6 /* ErrorView.swift */ = {isa = PBXFileReference; lastKnownFileType = sourcecode.swift; path = ErrorView.swift; sourceTree = "<group>"; };
		AB0E710D266FE05300117AE6 /* ErrorView.xib */ = {isa = PBXFileReference; lastKnownFileType = file.xib; path = ErrorView.xib; sourceTree = "<group>"; };
		AB0E7110266FE29D00117AE6 /* UIViewExtension.swift */ = {isa = PBXFileReference; lastKnownFileType = sourcecode.swift; path = UIViewExtension.swift; sourceTree = "<group>"; };
		AB0E711E266FFAAB00117AE6 /* ProductListInteractorTests.swift */ = {isa = PBXFileReference; lastKnownFileType = sourcecode.swift; name = ProductListInteractorTests.swift; path = "A-CommerceTests/Features/ProductList/ProductListInteractorTests.swift"; sourceTree = SOURCE_ROOT; };
		AB0E7120266FFB7B00117AE6 /* A_CommerceTests.swift */ = {isa = PBXFileReference; fileEncoding = 4; lastKnownFileType = sourcecode.swift; path = A_CommerceTests.swift; sourceTree = "<group>"; };
		AB0E7122266FFB8600117AE6 /* A_CommerceUITests.swift */ = {isa = PBXFileReference; fileEncoding = 4; lastKnownFileType = sourcecode.swift; path = A_CommerceUITests.swift; sourceTree = "<group>"; };
		AB0E7125266FFF9000117AE6 /* ProductWorkerMock.swift */ = {isa = PBXFileReference; lastKnownFileType = sourcecode.swift; path = ProductWorkerMock.swift; sourceTree = "<group>"; };
		AB0E71272670031600117AE6 /* ProductListPresenterTests.swift */ = {isa = PBXFileReference; lastKnownFileType = sourcecode.swift; path = ProductListPresenterTests.swift; sourceTree = "<group>"; };
		AB5284E9266D1B46005BA72A /* A-Commerce.app */ = {isa = PBXFileReference; explicitFileType = wrapper.application; includeInIndex = 0; path = "A-Commerce.app"; sourceTree = BUILT_PRODUCTS_DIR; };
		AB5284EC266D1B46005BA72A /* AppDelegate.swift */ = {isa = PBXFileReference; lastKnownFileType = sourcecode.swift; path = AppDelegate.swift; sourceTree = "<group>"; };
		AB5284EE266D1B46005BA72A /* SceneDelegate.swift */ = {isa = PBXFileReference; lastKnownFileType = sourcecode.swift; path = SceneDelegate.swift; sourceTree = "<group>"; };
		AB5284F6266D1B46005BA72A /* A_Commerce.xcdatamodel */ = {isa = PBXFileReference; lastKnownFileType = wrapper.xcdatamodel; path = A_Commerce.xcdatamodel; sourceTree = "<group>"; };
		AB5284F8266D1B47005BA72A /* Assets.xcassets */ = {isa = PBXFileReference; lastKnownFileType = folder.assetcatalog; path = Assets.xcassets; sourceTree = "<group>"; };
		AB5284FB266D1B47005BA72A /* Base */ = {isa = PBXFileReference; lastKnownFileType = file.storyboard; name = Base; path = Base.lproj/LaunchScreen.storyboard; sourceTree = "<group>"; };
		AB5284FD266D1B47005BA72A /* Info.plist */ = {isa = PBXFileReference; lastKnownFileType = text.plist.xml; path = Info.plist; sourceTree = "<group>"; };
		AB528502266D1B47005BA72A /* A-CommerceTests.xctest */ = {isa = PBXFileReference; explicitFileType = wrapper.cfbundle; includeInIndex = 0; path = "A-CommerceTests.xctest"; sourceTree = BUILT_PRODUCTS_DIR; };
		AB528508266D1B47005BA72A /* Info.plist */ = {isa = PBXFileReference; lastKnownFileType = text.plist.xml; path = Info.plist; sourceTree = "<group>"; };
		AB52850D266D1B47005BA72A /* A-CommerceUITests.xctest */ = {isa = PBXFileReference; explicitFileType = wrapper.cfbundle; includeInIndex = 0; path = "A-CommerceUITests.xctest"; sourceTree = BUILT_PRODUCTS_DIR; };
		AB528513266D1B47005BA72A /* Info.plist */ = {isa = PBXFileReference; lastKnownFileType = text.plist.xml; path = Info.plist; sourceTree = "<group>"; };
		AB528522266D1D6A005BA72A /* ProductListViewController.swift */ = {isa = PBXFileReference; lastKnownFileType = sourcecode.swift; path = ProductListViewController.swift; sourceTree = "<group>"; };
		AB528523266D1D6A005BA72A /* ProductListViewController.xib */ = {isa = PBXFileReference; lastKnownFileType = file.xib; path = ProductListViewController.xib; sourceTree = "<group>"; };
		AB528526266D2022005BA72A /* Main.storyboard */ = {isa = PBXFileReference; lastKnownFileType = file.storyboard; path = Main.storyboard; sourceTree = "<group>"; };
		AB528528266D237F005BA72A /* ProductListConfigurator.swift */ = {isa = PBXFileReference; lastKnownFileType = sourcecode.swift; path = ProductListConfigurator.swift; sourceTree = "<group>"; };
		AB52852D266D284C005BA72A /* ProductListInteractor.swift */ = {isa = PBXFileReference; lastKnownFileType = sourcecode.swift; path = ProductListInteractor.swift; sourceTree = "<group>"; };
		AB528530266D28E1005BA72A /* Product.swift */ = {isa = PBXFileReference; lastKnownFileType = sourcecode.swift; path = Product.swift; sourceTree = "<group>"; };
		AB528539266D2C6D005BA72A /* ProductRemoteWorker.swift */ = {isa = PBXFileReference; lastKnownFileType = sourcecode.swift; path = ProductRemoteWorker.swift; sourceTree = "<group>"; };
		AB52853E266D308C005BA72A /* ProductListPresenter.swift */ = {isa = PBXFileReference; lastKnownFileType = sourcecode.swift; path = ProductListPresenter.swift; sourceTree = "<group>"; };
		AB528540266D31B6005BA72A /* ProductListRouter.swift */ = {isa = PBXFileReference; lastKnownFileType = sourcecode.swift; path = ProductListRouter.swift; sourceTree = "<group>"; };
		AB528542266D3412005BA72A /* ProductWorker.swift */ = {isa = PBXFileReference; lastKnownFileType = sourcecode.swift; path = ProductWorker.swift; sourceTree = "<group>"; };
		AB528546266D3E9E005BA72A /* ErrorType.swift */ = {isa = PBXFileReference; lastKnownFileType = sourcecode.swift; path = ErrorType.swift; sourceTree = "<group>"; };
		C20B33644B609ADF44EB26E9 /* Pods-A-Commerce.debug.xcconfig */ = {isa = PBXFileReference; includeInIndex = 1; lastKnownFileType = text.xcconfig; name = "Pods-A-Commerce.debug.xcconfig"; path = "Target Support Files/Pods-A-Commerce/Pods-A-Commerce.debug.xcconfig"; sourceTree = "<group>"; };
		C54D35D9C50F62117F87FA06 /* Pods-A-Commerce-A-CommerceUITests.release.xcconfig */ = {isa = PBXFileReference; includeInIndex = 1; lastKnownFileType = text.xcconfig; name = "Pods-A-Commerce-A-CommerceUITests.release.xcconfig"; path = "Target Support Files/Pods-A-Commerce-A-CommerceUITests/Pods-A-Commerce-A-CommerceUITests.release.xcconfig"; sourceTree = "<group>"; };
		E06EDFD1B8919E01A3601B7B /* Pods-A-Commerce.release.xcconfig */ = {isa = PBXFileReference; includeInIndex = 1; lastKnownFileType = text.xcconfig; name = "Pods-A-Commerce.release.xcconfig"; path = "Target Support Files/Pods-A-Commerce/Pods-A-Commerce.release.xcconfig"; sourceTree = "<group>"; };
		F70E2CBC4CCF6E3900947C12 /* Pods_A_Commerce_A_CommerceUITests.framework */ = {isa = PBXFileReference; explicitFileType = wrapper.framework; includeInIndex = 0; path = Pods_A_Commerce_A_CommerceUITests.framework; sourceTree = BUILT_PRODUCTS_DIR; };
/* End PBXFileReference section */

/* Begin PBXFrameworksBuildPhase section */
		AB5284E6266D1B46005BA72A /* Frameworks */ = {
			isa = PBXFrameworksBuildPhase;
			buildActionMask = 2147483647;
			files = (
				2F1BD24263167F2AE059EDCE /* Pods_A_Commerce.framework in Frameworks */,
			);
			runOnlyForDeploymentPostprocessing = 0;
		};
		AB5284FF266D1B47005BA72A /* Frameworks */ = {
			isa = PBXFrameworksBuildPhase;
			buildActionMask = 2147483647;
			files = (
				A051CDCD330553128A02A9E4 /* Pods_A_CommerceTests.framework in Frameworks */,
			);
			runOnlyForDeploymentPostprocessing = 0;
		};
		AB52850A266D1B47005BA72A /* Frameworks */ = {
			isa = PBXFrameworksBuildPhase;
			buildActionMask = 2147483647;
			files = (
				50B25D1F7321E94EBE6A0DB6 /* Pods_A_Commerce_A_CommerceUITests.framework in Frameworks */,
			);
			runOnlyForDeploymentPostprocessing = 0;
		};
/* End PBXFrameworksBuildPhase section */

/* Begin PBXGroup section */
		653AFDAAC3DE2C91A6D5BD65 /* Frameworks */ = {
			isa = PBXGroup;
			children = (
				A8DBA8F5D53CCAF488C0BBCE /* Pods_A_Commerce.framework */,
				F70E2CBC4CCF6E3900947C12 /* Pods_A_Commerce_A_CommerceUITests.framework */,
				9540BC40B6A17D737E8299BF /* Pods_A_CommerceTests.framework */,
			);
			name = Frameworks;
			sourceTree = "<group>";
		};
		6F23B0EB31DB713415985BC6 /* Pods */ = {
			isa = PBXGroup;
			children = (
				C20B33644B609ADF44EB26E9 /* Pods-A-Commerce.debug.xcconfig */,
				E06EDFD1B8919E01A3601B7B /* Pods-A-Commerce.release.xcconfig */,
				42B4A856D5145AA729F43410 /* Pods-A-Commerce-A-CommerceUITests.debug.xcconfig */,
				C54D35D9C50F62117F87FA06 /* Pods-A-Commerce-A-CommerceUITests.release.xcconfig */,
				02CF205E93E1A7FA484BBBF8 /* Pods-A-CommerceTests.debug.xcconfig */,
				8844C4B8F7623E65F69CC4B4 /* Pods-A-CommerceTests.release.xcconfig */,
			);
			path = Pods;
			sourceTree = "<group>";
		};
		7DBF8A642692C44C003D16B0 /* spec */ = {
			isa = PBXGroup;
			children = (
				7DBF8A652692C45A003D16B0 /* ProductListInteractorSpec.swift */,
			);
			path = spec;
			sourceTree = "<group>";
		};
		7DBF8A7C2692D02C003D16B0 /* snapshot */ = {
			isa = PBXGroup;
			children = (
				7DBF8A7D2692D03A003D16B0 /* ProductListSnapshot.swift */,
			);
			path = snapshot;
			sourceTree = "<group>";
		};
		AB0E70FB266FBAE500117AE6 /* cell */ = {
			isa = PBXGroup;
			children = (
				AB0E70FC266FBAFD00117AE6 /* ProductCollectionViewCell.swift */,
				AB0E70FD266FBAFD00117AE6 /* ProductCollectionViewCell.xib */,
			);
			path = cell;
			sourceTree = "<group>";
		};
		AB0E710A266FE00400117AE6 /* CustomView */ = {
			isa = PBXGroup;
			children = (
				AB0E710B266FE04B00117AE6 /* ErrorView.swift */,
				AB0E710D266FE05300117AE6 /* ErrorView.xib */,
			);
			path = CustomView;
			sourceTree = "<group>";
		};
		AB0E710F266FE28500117AE6 /* Extension */ = {
			isa = PBXGroup;
			children = (
				AB0E7110266FE29D00117AE6 /* UIViewExtension.swift */,
			);
			path = Extension;
			sourceTree = "<group>";
		};
		AB0E711C266FFA7400117AE6 /* features */ = {
			isa = PBXGroup;
			children = (
				AB0E711D266FFA8500117AE6 /* ProductList */,
			);
			path = features;
			sourceTree = "<group>";
		};
		AB0E711D266FFA8500117AE6 /* ProductList */ = {
			isa = PBXGroup;
			children = (
				AB0E711E266FFAAB00117AE6 /* ProductListInteractorTests.swift */,
				AB0E71272670031600117AE6 /* ProductListPresenterTests.swift */,
			);
			path = ProductList;
			sourceTree = "<group>";
		};
		AB0E7124266FFF8200117AE6 /* mock */ = {
			isa = PBXGroup;
			children = (
				AB0E7125266FFF9000117AE6 /* ProductWorkerMock.swift */,
			);
			path = mock;
			sourceTree = "<group>";
		};
		AB5284E0266D1B46005BA72A = {
			isa = PBXGroup;
			children = (
				AB5284EB266D1B46005BA72A /* A-Commerce */,
				AB528505266D1B47005BA72A /* A-CommerceTests */,
				AB528510266D1B47005BA72A /* A-CommerceUITests */,
				AB5284EA266D1B46005BA72A /* Products */,
				6F23B0EB31DB713415985BC6 /* Pods */,
				653AFDAAC3DE2C91A6D5BD65 /* Frameworks */,
			);
			sourceTree = "<group>";
		};
		AB5284EA266D1B46005BA72A /* Products */ = {
			isa = PBXGroup;
			children = (
				AB5284E9266D1B46005BA72A /* A-Commerce.app */,
				AB528502266D1B47005BA72A /* A-CommerceTests.xctest */,
				AB52850D266D1B47005BA72A /* A-CommerceUITests.xctest */,
			);
			name = Products;
			sourceTree = "<group>";
		};
		AB5284EB266D1B46005BA72A /* A-Commerce */ = {
			isa = PBXGroup;
			children = (
				AB0E710F266FE28500117AE6 /* Extension */,
				AB0E710A266FE00400117AE6 /* CustomView */,
				AB528534266D2A6A005BA72A /* Domain */,
				AB528533266D2A40005BA72A /* Features */,
				AB528538266D2BB9005BA72A /* Storyboards */,
				AB528537266D2B71005BA72A /* Resources */,
				AB528532266D2A2F005BA72A /* Worker */,
				AB5284EC266D1B46005BA72A /* AppDelegate.swift */,
				AB5284EE266D1B46005BA72A /* SceneDelegate.swift */,
				AB5284FD266D1B47005BA72A /* Info.plist */,
				AB5284F5266D1B46005BA72A /* A_Commerce.xcdatamodeld */,
			);
			path = "A-Commerce";
			sourceTree = "<group>";
		};
		AB528505266D1B47005BA72A /* A-CommerceTests */ = {
			isa = PBXGroup;
			children = (
				7DBF8A7C2692D02C003D16B0 /* snapshot */,
				7DBF8A642692C44C003D16B0 /* spec */,
				AB0E7124266FFF8200117AE6 /* mock */,
				AB0E711C266FFA7400117AE6 /* features */,
				AB0E7120266FFB7B00117AE6 /* A_CommerceTests.swift */,
				AB528508266D1B47005BA72A /* Info.plist */,
			);
			path = "A-CommerceTests";
			sourceTree = "<group>";
		};
		AB528510266D1B47005BA72A /* A-CommerceUITests */ = {
			isa = PBXGroup;
			children = (
				AB0E7122266FFB8600117AE6 /* A_CommerceUITests.swift */,
				AB528513266D1B47005BA72A /* Info.plist */,
			);
			path = "A-CommerceUITests";
			sourceTree = "<group>";
		};
		AB52851F266D1CF5005BA72A /* ProductList */ = {
			isa = PBXGroup;
			children = (
				AB0E70FB266FBAE500117AE6 /* cell */,
				AB528528266D237F005BA72A /* ProductListConfigurator.swift */,
				AB52852D266D284C005BA72A /* ProductListInteractor.swift */,
				AB52853E266D308C005BA72A /* ProductListPresenter.swift */,
				AB528540266D31B6005BA72A /* ProductListRouter.swift */,
				AB528522266D1D6A005BA72A /* ProductListViewController.swift */,
				AB528523266D1D6A005BA72A /* ProductListViewController.xib */,
			);
			path = ProductList;
			sourceTree = "<group>";
		};
		AB528520266D1D08005BA72A /* ProductDetail */ = {
			isa = PBXGroup;
			children = (
				AB0E7108266FD1D100117AE6 /* ProductDetailConfigurator.swift */,
				AB0E7104266FCF2600117AE6 /* ProductDetailInteractor.swift */,
				AB0E7106266FCF8600117AE6 /* ProductDetailPresenter.swift */,
				AB0E7100266FCEF100117AE6 /* ProductDetailViewController.swift */,
				AB0E7101266FCEF100117AE6 /* ProductDetailViewController.xib */,
			);
			path = ProductDetail;
			sourceTree = "<group>";
		};
		AB52852F266D28D4005BA72A /* Entities */ = {
			isa = PBXGroup;
			children = (
				AB528530266D28E1005BA72A /* Product.swift */,
			);
			path = Entities;
			sourceTree = "<group>";
		};
		AB528532266D2A2F005BA72A /* Worker */ = {
			isa = PBXGroup;
			children = (
				AB528542266D3412005BA72A /* ProductWorker.swift */,
				AB528539266D2C6D005BA72A /* ProductRemoteWorker.swift */,
			);
			path = Worker;
			sourceTree = "<group>";
		};
		AB528533266D2A40005BA72A /* Features */ = {
			isa = PBXGroup;
			children = (
				AB52851F266D1CF5005BA72A /* ProductList */,
				AB528520266D1D08005BA72A /* ProductDetail */,
			);
			path = Features;
			sourceTree = "<group>";
		};
		AB528534266D2A6A005BA72A /* Domain */ = {
			isa = PBXGroup;
			children = (
				AB52852F266D28D4005BA72A /* Entities */,
				AB528546266D3E9E005BA72A /* ErrorType.swift */,
			);
			path = Domain;
			sourceTree = "<group>";
		};
		AB528537266D2B71005BA72A /* Resources */ = {
			isa = PBXGroup;
			children = (
				AB5284F8266D1B47005BA72A /* Assets.xcassets */,
			);
			path = Resources;
			sourceTree = "<group>";
		};
		AB528538266D2BB9005BA72A /* Storyboards */ = {
			isa = PBXGroup;
			children = (
				AB528526266D2022005BA72A /* Main.storyboard */,
				AB5284FA266D1B47005BA72A /* LaunchScreen.storyboard */,
			);
			path = Storyboards;
			sourceTree = "<group>";
		};
/* End PBXGroup section */

/* Begin PBXNativeTarget section */
		AB5284E8266D1B46005BA72A /* A-Commerce */ = {
			isa = PBXNativeTarget;
			buildConfigurationList = AB528516266D1B47005BA72A /* Build configuration list for PBXNativeTarget "A-Commerce" */;
			buildPhases = (
				C1AA6E42C4805DB0008107AF /* [CP] Check Pods Manifest.lock */,
				AB5284E5266D1B46005BA72A /* Sources */,
				AB5284E6266D1B46005BA72A /* Frameworks */,
				AB5284E7266D1B46005BA72A /* Resources */,
				CA3E493F944062A1D586C19B /* [CP] Embed Pods Frameworks */,
			);
			buildRules = (
			);
			dependencies = (
			);
			name = "A-Commerce";
			productName = "A-Commerce";
			productReference = AB5284E9266D1B46005BA72A /* A-Commerce.app */;
			productType = "com.apple.product-type.application";
		};
		AB528501266D1B47005BA72A /* A-CommerceTests */ = {
			isa = PBXNativeTarget;
			buildConfigurationList = AB528519266D1B47005BA72A /* Build configuration list for PBXNativeTarget "A-CommerceTests" */;
			buildPhases = (
				B03DCA356F9141FC5EFF688F /* [CP] Check Pods Manifest.lock */,
				AB5284FE266D1B47005BA72A /* Sources */,
				AB5284FF266D1B47005BA72A /* Frameworks */,
				AB528500266D1B47005BA72A /* Resources */,
			);
			buildRules = (
			);
			dependencies = (
				AB528504266D1B47005BA72A /* PBXTargetDependency */,
			);
			name = "A-CommerceTests";
			productName = "A-CommerceTests";
			productReference = AB528502266D1B47005BA72A /* A-CommerceTests.xctest */;
			productType = "com.apple.product-type.bundle.unit-test";
		};
		AB52850C266D1B47005BA72A /* A-CommerceUITests */ = {
			isa = PBXNativeTarget;
			buildConfigurationList = AB52851C266D1B47005BA72A /* Build configuration list for PBXNativeTarget "A-CommerceUITests" */;
			buildPhases = (
				7FA62BB6ACFCF1E29778CD14 /* [CP] Check Pods Manifest.lock */,
				AB528509266D1B47005BA72A /* Sources */,
				AB52850A266D1B47005BA72A /* Frameworks */,
				AB52850B266D1B47005BA72A /* Resources */,
				FD4A4E1FF1F37897DE5182D4 /* [CP] Embed Pods Frameworks */,
			);
			buildRules = (
			);
			dependencies = (
				AB52850F266D1B47005BA72A /* PBXTargetDependency */,
			);
			name = "A-CommerceUITests";
			productName = "A-CommerceUITests";
			productReference = AB52850D266D1B47005BA72A /* A-CommerceUITests.xctest */;
			productType = "com.apple.product-type.bundle.ui-testing";
		};
/* End PBXNativeTarget section */

/* Begin PBXProject section */
		AB5284E1266D1B46005BA72A /* Project object */ = {
			isa = PBXProject;
			attributes = {
				LastSwiftUpdateCheck = 1250;
				LastUpgradeCheck = 1250;
				TargetAttributes = {
					AB5284E8266D1B46005BA72A = {
						CreatedOnToolsVersion = 12.5;
					};
					AB528501266D1B47005BA72A = {
						CreatedOnToolsVersion = 12.5;
						LastSwiftMigration = 1250;
						TestTargetID = AB5284E8266D1B46005BA72A;
					};
					AB52850C266D1B47005BA72A = {
						CreatedOnToolsVersion = 12.5;
						LastSwiftMigration = 1250;
						TestTargetID = AB5284E8266D1B46005BA72A;
					};
				};
			};
			buildConfigurationList = AB5284E4266D1B46005BA72A /* Build configuration list for PBXProject "A-Commerce" */;
			compatibilityVersion = "Xcode 9.3";
			developmentRegion = en;
			hasScannedForEncodings = 0;
			knownRegions = (
				en,
				Base,
			);
			mainGroup = AB5284E0266D1B46005BA72A;
			productRefGroup = AB5284EA266D1B46005BA72A /* Products */;
			projectDirPath = "";
			projectRoot = "";
			targets = (
				AB5284E8266D1B46005BA72A /* A-Commerce */,
				AB528501266D1B47005BA72A /* A-CommerceTests */,
				AB52850C266D1B47005BA72A /* A-CommerceUITests */,
			);
		};
/* End PBXProject section */

/* Begin PBXResourcesBuildPhase section */
		AB5284E7266D1B46005BA72A /* Resources */ = {
			isa = PBXResourcesBuildPhase;
			buildActionMask = 2147483647;
			files = (
				AB5284FC266D1B47005BA72A /* LaunchScreen.storyboard in Resources */,
				AB528525266D1D6A005BA72A /* ProductListViewController.xib in Resources */,
				AB0E70FF266FBAFD00117AE6 /* ProductCollectionViewCell.xib in Resources */,
				AB5284F9266D1B47005BA72A /* Assets.xcassets in Resources */,
				AB0E710E266FE05300117AE6 /* ErrorView.xib in Resources */,
				AB528527266D2022005BA72A /* Main.storyboard in Resources */,
				AB0E7103266FCEF100117AE6 /* ProductDetailViewController.xib in Resources */,
			);
			runOnlyForDeploymentPostprocessing = 0;
		};
		AB528500266D1B47005BA72A /* Resources */ = {
			isa = PBXResourcesBuildPhase;
			buildActionMask = 2147483647;
			files = (
			);
			runOnlyForDeploymentPostprocessing = 0;
		};
		AB52850B266D1B47005BA72A /* Resources */ = {
			isa = PBXResourcesBuildPhase;
			buildActionMask = 2147483647;
			files = (
			);
			runOnlyForDeploymentPostprocessing = 0;
		};
/* End PBXResourcesBuildPhase section */

/* Begin PBXShellScriptBuildPhase section */
		7FA62BB6ACFCF1E29778CD14 /* [CP] Check Pods Manifest.lock */ = {
			isa = PBXShellScriptBuildPhase;
			buildActionMask = 2147483647;
			files = (
			);
			inputFileListPaths = (
			);
			inputPaths = (
				"${PODS_PODFILE_DIR_PATH}/Podfile.lock",
				"${PODS_ROOT}/Manifest.lock",
			);
			name = "[CP] Check Pods Manifest.lock";
			outputFileListPaths = (
			);
			outputPaths = (
				"$(DERIVED_FILE_DIR)/Pods-A-Commerce-A-CommerceUITests-checkManifestLockResult.txt",
			);
			runOnlyForDeploymentPostprocessing = 0;
			shellPath = /bin/sh;
			shellScript = "diff \"${PODS_PODFILE_DIR_PATH}/Podfile.lock\" \"${PODS_ROOT}/Manifest.lock\" > /dev/null\nif [ $? != 0 ] ; then\n    # print error to STDERR\n    echo \"error: The sandbox is not in sync with the Podfile.lock. Run 'pod install' or update your CocoaPods installation.\" >&2\n    exit 1\nfi\n# This output is used by Xcode 'outputs' to avoid re-running this script phase.\necho \"SUCCESS\" > \"${SCRIPT_OUTPUT_FILE_0}\"\n";
			showEnvVarsInLog = 0;
		};
		B03DCA356F9141FC5EFF688F /* [CP] Check Pods Manifest.lock */ = {
			isa = PBXShellScriptBuildPhase;
			buildActionMask = 2147483647;
			files = (
			);
			inputFileListPaths = (
			);
			inputPaths = (
				"${PODS_PODFILE_DIR_PATH}/Podfile.lock",
				"${PODS_ROOT}/Manifest.lock",
			);
			name = "[CP] Check Pods Manifest.lock";
			outputFileListPaths = (
			);
			outputPaths = (
				"$(DERIVED_FILE_DIR)/Pods-A-CommerceTests-checkManifestLockResult.txt",
			);
			runOnlyForDeploymentPostprocessing = 0;
			shellPath = /bin/sh;
			shellScript = "diff \"${PODS_PODFILE_DIR_PATH}/Podfile.lock\" \"${PODS_ROOT}/Manifest.lock\" > /dev/null\nif [ $? != 0 ] ; then\n    # print error to STDERR\n    echo \"error: The sandbox is not in sync with the Podfile.lock. Run 'pod install' or update your CocoaPods installation.\" >&2\n    exit 1\nfi\n# This output is used by Xcode 'outputs' to avoid re-running this script phase.\necho \"SUCCESS\" > \"${SCRIPT_OUTPUT_FILE_0}\"\n";
			showEnvVarsInLog = 0;
		};
		C1AA6E42C4805DB0008107AF /* [CP] Check Pods Manifest.lock */ = {
			isa = PBXShellScriptBuildPhase;
			buildActionMask = 2147483647;
			files = (
			);
			inputFileListPaths = (
			);
			inputPaths = (
				"${PODS_PODFILE_DIR_PATH}/Podfile.lock",
				"${PODS_ROOT}/Manifest.lock",
			);
			name = "[CP] Check Pods Manifest.lock";
			outputFileListPaths = (
			);
			outputPaths = (
				"$(DERIVED_FILE_DIR)/Pods-A-Commerce-checkManifestLockResult.txt",
			);
			runOnlyForDeploymentPostprocessing = 0;
			shellPath = /bin/sh;
			shellScript = "diff \"${PODS_PODFILE_DIR_PATH}/Podfile.lock\" \"${PODS_ROOT}/Manifest.lock\" > /dev/null\nif [ $? != 0 ] ; then\n    # print error to STDERR\n    echo \"error: The sandbox is not in sync with the Podfile.lock. Run 'pod install' or update your CocoaPods installation.\" >&2\n    exit 1\nfi\n# This output is used by Xcode 'outputs' to avoid re-running this script phase.\necho \"SUCCESS\" > \"${SCRIPT_OUTPUT_FILE_0}\"\n";
			showEnvVarsInLog = 0;
		};
		CA3E493F944062A1D586C19B /* [CP] Embed Pods Frameworks */ = {
			isa = PBXShellScriptBuildPhase;
			buildActionMask = 2147483647;
			files = (
			);
			inputFileListPaths = (
				"${PODS_ROOT}/Target Support Files/Pods-A-Commerce/Pods-A-Commerce-frameworks-${CONFIGURATION}-input-files.xcfilelist",
			);
			name = "[CP] Embed Pods Frameworks";
			outputFileListPaths = (
				"${PODS_ROOT}/Target Support Files/Pods-A-Commerce/Pods-A-Commerce-frameworks-${CONFIGURATION}-output-files.xcfilelist",
			);
			runOnlyForDeploymentPostprocessing = 0;
			shellPath = /bin/sh;
			shellScript = "\"${PODS_ROOT}/Target Support Files/Pods-A-Commerce/Pods-A-Commerce-frameworks.sh\"\n";
			showEnvVarsInLog = 0;
		};
		FD4A4E1FF1F37897DE5182D4 /* [CP] Embed Pods Frameworks */ = {
			isa = PBXShellScriptBuildPhase;
			buildActionMask = 2147483647;
			files = (
			);
			inputFileListPaths = (
				"${PODS_ROOT}/Target Support Files/Pods-A-Commerce-A-CommerceUITests/Pods-A-Commerce-A-CommerceUITests-frameworks-${CONFIGURATION}-input-files.xcfilelist",
			);
			name = "[CP] Embed Pods Frameworks";
			outputFileListPaths = (
				"${PODS_ROOT}/Target Support Files/Pods-A-Commerce-A-CommerceUITests/Pods-A-Commerce-A-CommerceUITests-frameworks-${CONFIGURATION}-output-files.xcfilelist",
			);
			runOnlyForDeploymentPostprocessing = 0;
			shellPath = /bin/sh;
			shellScript = "\"${PODS_ROOT}/Target Support Files/Pods-A-Commerce-A-CommerceUITests/Pods-A-Commerce-A-CommerceUITests-frameworks.sh\"\n";
			showEnvVarsInLog = 0;
		};
/* End PBXShellScriptBuildPhase section */

/* Begin PBXSourcesBuildPhase section */
		AB5284E5266D1B46005BA72A /* Sources */ = {
			isa = PBXSourcesBuildPhase;
			buildActionMask = 2147483647;
			files = (
				AB52853F266D308C005BA72A /* ProductListPresenter.swift in Sources */,
				AB528547266D3E9E005BA72A /* ErrorType.swift in Sources */,
				AB528529266D237F005BA72A /* ProductListConfigurator.swift in Sources */,
				AB0E7107266FCF8600117AE6 /* ProductDetailPresenter.swift in Sources */,
				AB0E7109266FD1D100117AE6 /* ProductDetailConfigurator.swift in Sources */,
				AB52853A266D2C6D005BA72A /* ProductRemoteWorker.swift in Sources */,
				AB528541266D31B6005BA72A /* ProductListRouter.swift in Sources */,
				AB0E710C266FE04B00117AE6 /* ErrorView.swift in Sources */,
				AB5284ED266D1B46005BA72A /* AppDelegate.swift in Sources */,
				AB0E70FE266FBAFD00117AE6 /* ProductCollectionViewCell.swift in Sources */,
				AB52852E266D284C005BA72A /* ProductListInteractor.swift in Sources */,
				AB5284F7266D1B46005BA72A /* A_Commerce.xcdatamodeld in Sources */,
				AB0E7105266FCF2600117AE6 /* ProductDetailInteractor.swift in Sources */,
				AB0E7111266FE29D00117AE6 /* UIViewExtension.swift in Sources */,
				AB0E7102266FCEF100117AE6 /* ProductDetailViewController.swift in Sources */,
				AB528524266D1D6A005BA72A /* ProductListViewController.swift in Sources */,
				AB528543266D3412005BA72A /* ProductWorker.swift in Sources */,
				AB5284EF266D1B46005BA72A /* SceneDelegate.swift in Sources */,
				AB528531266D28E1005BA72A /* Product.swift in Sources */,
			);
			runOnlyForDeploymentPostprocessing = 0;
		};
		AB5284FE266D1B47005BA72A /* Sources */ = {
			isa = PBXSourcesBuildPhase;
			buildActionMask = 2147483647;
			files = (
				AB0E7126266FFF9000117AE6 /* ProductWorkerMock.swift in Sources */,
				AB0E7121266FFB7B00117AE6 /* A_CommerceTests.swift in Sources */,
				AB0E71282670031600117AE6 /* ProductListPresenterTests.swift in Sources */,
				AB0E711F266FFAAB00117AE6 /* ProductListInteractorTests.swift in Sources */,
				7DBF8A7E2692D03A003D16B0 /* ProductListSnapshot.swift in Sources */,
				7DBF8A662692C45A003D16B0 /* ProductListInteractorSpec.swift in Sources */,
			);
			runOnlyForDeploymentPostprocessing = 0;
		};
		AB528509266D1B47005BA72A /* Sources */ = {
			isa = PBXSourcesBuildPhase;
			buildActionMask = 2147483647;
			files = (
				AB0E7123266FFB8600117AE6 /* A_CommerceUITests.swift in Sources */,
			);
			runOnlyForDeploymentPostprocessing = 0;
		};
/* End PBXSourcesBuildPhase section */

/* Begin PBXTargetDependency section */
		AB528504266D1B47005BA72A /* PBXTargetDependency */ = {
			isa = PBXTargetDependency;
			target = AB5284E8266D1B46005BA72A /* A-Commerce */;
			targetProxy = AB528503266D1B47005BA72A /* PBXContainerItemProxy */;
		};
		AB52850F266D1B47005BA72A /* PBXTargetDependency */ = {
			isa = PBXTargetDependency;
			target = AB5284E8266D1B46005BA72A /* A-Commerce */;
			targetProxy = AB52850E266D1B47005BA72A /* PBXContainerItemProxy */;
		};
/* End PBXTargetDependency section */

/* Begin PBXVariantGroup section */
		AB5284FA266D1B47005BA72A /* LaunchScreen.storyboard */ = {
			isa = PBXVariantGroup;
			children = (
				AB5284FB266D1B47005BA72A /* Base */,
			);
			name = LaunchScreen.storyboard;
			sourceTree = "<group>";
		};
/* End PBXVariantGroup section */

/* Begin XCBuildConfiguration section */
		AB528514266D1B47005BA72A /* Debug */ = {
			isa = XCBuildConfiguration;
			buildSettings = {
				ALWAYS_SEARCH_USER_PATHS = NO;
				CLANG_ANALYZER_NONNULL = YES;
				CLANG_ANALYZER_NUMBER_OBJECT_CONVERSION = YES_AGGRESSIVE;
				CLANG_CXX_LANGUAGE_STANDARD = "gnu++14";
				CLANG_CXX_LIBRARY = "libc++";
				CLANG_ENABLE_MODULES = YES;
				CLANG_ENABLE_OBJC_ARC = YES;
				CLANG_ENABLE_OBJC_WEAK = YES;
				CLANG_WARN_BLOCK_CAPTURE_AUTORELEASING = YES;
				CLANG_WARN_BOOL_CONVERSION = YES;
				CLANG_WARN_COMMA = YES;
				CLANG_WARN_CONSTANT_CONVERSION = YES;
				CLANG_WARN_DEPRECATED_OBJC_IMPLEMENTATIONS = YES;
				CLANG_WARN_DIRECT_OBJC_ISA_USAGE = YES_ERROR;
				CLANG_WARN_DOCUMENTATION_COMMENTS = YES;
				CLANG_WARN_EMPTY_BODY = YES;
				CLANG_WARN_ENUM_CONVERSION = YES;
				CLANG_WARN_INFINITE_RECURSION = YES;
				CLANG_WARN_INT_CONVERSION = YES;
				CLANG_WARN_NON_LITERAL_NULL_CONVERSION = YES;
				CLANG_WARN_OBJC_IMPLICIT_RETAIN_SELF = YES;
				CLANG_WARN_OBJC_LITERAL_CONVERSION = YES;
				CLANG_WARN_OBJC_ROOT_CLASS = YES_ERROR;
				CLANG_WARN_QUOTED_INCLUDE_IN_FRAMEWORK_HEADER = YES;
				CLANG_WARN_RANGE_LOOP_ANALYSIS = YES;
				CLANG_WARN_STRICT_PROTOTYPES = YES;
				CLANG_WARN_SUSPICIOUS_MOVE = YES;
				CLANG_WARN_UNGUARDED_AVAILABILITY = YES_AGGRESSIVE;
				CLANG_WARN_UNREACHABLE_CODE = YES;
				CLANG_WARN__DUPLICATE_METHOD_MATCH = YES;
				COPY_PHASE_STRIP = NO;
				DEBUG_INFORMATION_FORMAT = dwarf;
				ENABLE_STRICT_OBJC_MSGSEND = YES;
				ENABLE_TESTABILITY = YES;
				GCC_C_LANGUAGE_STANDARD = gnu11;
				GCC_DYNAMIC_NO_PIC = NO;
				GCC_NO_COMMON_BLOCKS = YES;
				GCC_OPTIMIZATION_LEVEL = 0;
				GCC_PREPROCESSOR_DEFINITIONS = (
					"DEBUG=1",
					"$(inherited)",
				);
				GCC_WARN_64_TO_32_BIT_CONVERSION = YES;
				GCC_WARN_ABOUT_RETURN_TYPE = YES_ERROR;
				GCC_WARN_UNDECLARED_SELECTOR = YES;
				GCC_WARN_UNINITIALIZED_AUTOS = YES_AGGRESSIVE;
				GCC_WARN_UNUSED_FUNCTION = YES;
				GCC_WARN_UNUSED_VARIABLE = YES;
				IPHONEOS_DEPLOYMENT_TARGET = 14.5;
				MTL_ENABLE_DEBUG_INFO = INCLUDE_SOURCE;
				MTL_FAST_MATH = YES;
				ONLY_ACTIVE_ARCH = YES;
				SDKROOT = iphoneos;
				SWIFT_ACTIVE_COMPILATION_CONDITIONS = DEBUG;
				SWIFT_OPTIMIZATION_LEVEL = "-Onone";
			};
			name = Debug;
		};
		AB528515266D1B47005BA72A /* Release */ = {
			isa = XCBuildConfiguration;
			buildSettings = {
				ALWAYS_SEARCH_USER_PATHS = NO;
				CLANG_ANALYZER_NONNULL = YES;
				CLANG_ANALYZER_NUMBER_OBJECT_CONVERSION = YES_AGGRESSIVE;
				CLANG_CXX_LANGUAGE_STANDARD = "gnu++14";
				CLANG_CXX_LIBRARY = "libc++";
				CLANG_ENABLE_MODULES = YES;
				CLANG_ENABLE_OBJC_ARC = YES;
				CLANG_ENABLE_OBJC_WEAK = YES;
				CLANG_WARN_BLOCK_CAPTURE_AUTORELEASING = YES;
				CLANG_WARN_BOOL_CONVERSION = YES;
				CLANG_WARN_COMMA = YES;
				CLANG_WARN_CONSTANT_CONVERSION = YES;
				CLANG_WARN_DEPRECATED_OBJC_IMPLEMENTATIONS = YES;
				CLANG_WARN_DIRECT_OBJC_ISA_USAGE = YES_ERROR;
				CLANG_WARN_DOCUMENTATION_COMMENTS = YES;
				CLANG_WARN_EMPTY_BODY = YES;
				CLANG_WARN_ENUM_CONVERSION = YES;
				CLANG_WARN_INFINITE_RECURSION = YES;
				CLANG_WARN_INT_CONVERSION = YES;
				CLANG_WARN_NON_LITERAL_NULL_CONVERSION = YES;
				CLANG_WARN_OBJC_IMPLICIT_RETAIN_SELF = YES;
				CLANG_WARN_OBJC_LITERAL_CONVERSION = YES;
				CLANG_WARN_OBJC_ROOT_CLASS = YES_ERROR;
				CLANG_WARN_QUOTED_INCLUDE_IN_FRAMEWORK_HEADER = YES;
				CLANG_WARN_RANGE_LOOP_ANALYSIS = YES;
				CLANG_WARN_STRICT_PROTOTYPES = YES;
				CLANG_WARN_SUSPICIOUS_MOVE = YES;
				CLANG_WARN_UNGUARDED_AVAILABILITY = YES_AGGRESSIVE;
				CLANG_WARN_UNREACHABLE_CODE = YES;
				CLANG_WARN__DUPLICATE_METHOD_MATCH = YES;
				COPY_PHASE_STRIP = NO;
				DEBUG_INFORMATION_FORMAT = "dwarf-with-dsym";
				ENABLE_NS_ASSERTIONS = NO;
				ENABLE_STRICT_OBJC_MSGSEND = YES;
				GCC_C_LANGUAGE_STANDARD = gnu11;
				GCC_NO_COMMON_BLOCKS = YES;
				GCC_WARN_64_TO_32_BIT_CONVERSION = YES;
				GCC_WARN_ABOUT_RETURN_TYPE = YES_ERROR;
				GCC_WARN_UNDECLARED_SELECTOR = YES;
				GCC_WARN_UNINITIALIZED_AUTOS = YES_AGGRESSIVE;
				GCC_WARN_UNUSED_FUNCTION = YES;
				GCC_WARN_UNUSED_VARIABLE = YES;
				IPHONEOS_DEPLOYMENT_TARGET = 14.5;
				MTL_ENABLE_DEBUG_INFO = NO;
				MTL_FAST_MATH = YES;
				SDKROOT = iphoneos;
				SWIFT_COMPILATION_MODE = wholemodule;
				SWIFT_OPTIMIZATION_LEVEL = "-O";
				VALIDATE_PRODUCT = YES;
			};
			name = Release;
		};
		AB528517266D1B47005BA72A /* Debug */ = {
			isa = XCBuildConfiguration;
			baseConfigurationReference = C20B33644B609ADF44EB26E9 /* Pods-A-Commerce.debug.xcconfig */;
			buildSettings = {
				ASSETCATALOG_COMPILER_APPICON_NAME = AppIcon;
				ASSETCATALOG_COMPILER_GLOBAL_ACCENT_COLOR_NAME = AccentColor;
				CODE_SIGN_STYLE = Automatic;
				INFOPLIST_FILE = "A-Commerce/Info.plist";
				IPHONEOS_DEPLOYMENT_TARGET = 13.0;
				LD_RUNPATH_SEARCH_PATHS = (
					"$(inherited)",
					"@executable_path/Frameworks",
				);
				PRODUCT_BUNDLE_IDENTIFIER = "com.naijab.A-Commerce";
				PRODUCT_NAME = "$(TARGET_NAME)";
				SWIFT_VERSION = 5.0;
				TARGETED_DEVICE_FAMILY = "1,2";
			};
			name = Debug;
		};
		AB528518266D1B47005BA72A /* Release */ = {
			isa = XCBuildConfiguration;
			baseConfigurationReference = E06EDFD1B8919E01A3601B7B /* Pods-A-Commerce.release.xcconfig */;
			buildSettings = {
				ASSETCATALOG_COMPILER_APPICON_NAME = AppIcon;
				ASSETCATALOG_COMPILER_GLOBAL_ACCENT_COLOR_NAME = AccentColor;
				CODE_SIGN_STYLE = Automatic;
				INFOPLIST_FILE = "A-Commerce/Info.plist";
				IPHONEOS_DEPLOYMENT_TARGET = 13.0;
				LD_RUNPATH_SEARCH_PATHS = (
					"$(inherited)",
					"@executable_path/Frameworks",
				);
				PRODUCT_BUNDLE_IDENTIFIER = "com.naijab.A-Commerce";
				PRODUCT_NAME = "$(TARGET_NAME)";
				SWIFT_VERSION = 5.0;
				TARGETED_DEVICE_FAMILY = "1,2";
			};
			name = Release;
		};
		AB52851A266D1B47005BA72A /* Debug */ = {
			isa = XCBuildConfiguration;
			baseConfigurationReference = 02CF205E93E1A7FA484BBBF8 /* Pods-A-CommerceTests.debug.xcconfig */;
			buildSettings = {
				ALWAYS_EMBED_SWIFT_STANDARD_LIBRARIES = YES;
				BUNDLE_LOADER = "$(TEST_HOST)";
				CLANG_ENABLE_MODULES = YES;
				CODE_SIGN_STYLE = Automatic;
				INFOPLIST_FILE = "A-CommerceTests/Info.plist";
				IPHONEOS_DEPLOYMENT_TARGET = 13.0;
				LD_RUNPATH_SEARCH_PATHS = (
					"$(inherited)",
					"@executable_path/Frameworks",
					"@loader_path/Frameworks",
				);
				PRODUCT_BUNDLE_IDENTIFIER = "com.naijab.A-CommerceTests";
				PRODUCT_NAME = "$(TARGET_NAME)";
				SWIFT_OPTIMIZATION_LEVEL = "-Onone";
				SWIFT_VERSION = 5.0;
				TARGETED_DEVICE_FAMILY = "1,2";
				TEST_HOST = "$(BUILT_PRODUCTS_DIR)/A-Commerce.app/A-Commerce";
			};
			name = Debug;
		};
		AB52851B266D1B47005BA72A /* Release */ = {
			isa = XCBuildConfiguration;
			baseConfigurationReference = 8844C4B8F7623E65F69CC4B4 /* Pods-A-CommerceTests.release.xcconfig */;
			buildSettings = {
				ALWAYS_EMBED_SWIFT_STANDARD_LIBRARIES = YES;
				BUNDLE_LOADER = "$(TEST_HOST)";
				CLANG_ENABLE_MODULES = YES;
				CODE_SIGN_STYLE = Automatic;
				INFOPLIST_FILE = "A-CommerceTests/Info.plist";
				IPHONEOS_DEPLOYMENT_TARGET = 13.0;
				LD_RUNPATH_SEARCH_PATHS = (
					"$(inherited)",
					"@executable_path/Frameworks",
					"@loader_path/Frameworks",
				);
				PRODUCT_BUNDLE_IDENTIFIER = "com.naijab.A-CommerceTests";
				PRODUCT_NAME = "$(TARGET_NAME)";
				SWIFT_VERSION = 5.0;
				TARGETED_DEVICE_FAMILY = "1,2";
				TEST_HOST = "$(BUILT_PRODUCTS_DIR)/A-Commerce.app/A-Commerce";
			};
			name = Release;
		};
		AB52851D266D1B47005BA72A /* Debug */ = {
			isa = XCBuildConfiguration;
			baseConfigurationReference = 42B4A856D5145AA729F43410 /* Pods-A-Commerce-A-CommerceUITests.debug.xcconfig */;
			buildSettings = {
				ALWAYS_EMBED_SWIFT_STANDARD_LIBRARIES = YES;
				CLANG_ENABLE_MODULES = YES;
				CODE_SIGN_STYLE = Automatic;
				INFOPLIST_FILE = "A-CommerceUITests/Info.plist";
				IPHONEOS_DEPLOYMENT_TARGET = 13.0;
				LD_RUNPATH_SEARCH_PATHS = (
					"$(inherited)",
					"@executable_path/Frameworks",
					"@loader_path/Frameworks",
				);
				PRODUCT_BUNDLE_IDENTIFIER = "com.naijab.A-CommerceUITests";
				PRODUCT_NAME = "$(TARGET_NAME)";
				SWIFT_OPTIMIZATION_LEVEL = "-Onone";
				SWIFT_VERSION = 5.0;
				TARGETED_DEVICE_FAMILY = "1,2";
				TEST_TARGET_NAME = "A-Commerce";
			};
			name = Debug;
		};
		AB52851E266D1B47005BA72A /* Release */ = {
			isa = XCBuildConfiguration;
			baseConfigurationReference = C54D35D9C50F62117F87FA06 /* Pods-A-Commerce-A-CommerceUITests.release.xcconfig */;
			buildSettings = {
				ALWAYS_EMBED_SWIFT_STANDARD_LIBRARIES = YES;
				CLANG_ENABLE_MODULES = YES;
				CODE_SIGN_STYLE = Automatic;
				INFOPLIST_FILE = "A-CommerceUITests/Info.plist";
				IPHONEOS_DEPLOYMENT_TARGET = 13.0;
				LD_RUNPATH_SEARCH_PATHS = (
					"$(inherited)",
					"@executable_path/Frameworks",
					"@loader_path/Frameworks",
				);
				PRODUCT_BUNDLE_IDENTIFIER = "com.naijab.A-CommerceUITests";
				PRODUCT_NAME = "$(TARGET_NAME)";
				SWIFT_VERSION = 5.0;
				TARGETED_DEVICE_FAMILY = "1,2";
				TEST_TARGET_NAME = "A-Commerce";
			};
			name = Release;
		};
/* End XCBuildConfiguration section */

/* Begin XCConfigurationList section */
		AB5284E4266D1B46005BA72A /* Build configuration list for PBXProject "A-Commerce" */ = {
			isa = XCConfigurationList;
			buildConfigurations = (
				AB528514266D1B47005BA72A /* Debug */,
				AB528515266D1B47005BA72A /* Release */,
			);
			defaultConfigurationIsVisible = 0;
			defaultConfigurationName = Release;
		};
		AB528516266D1B47005BA72A /* Build configuration list for PBXNativeTarget "A-Commerce" */ = {
			isa = XCConfigurationList;
			buildConfigurations = (
				AB528517266D1B47005BA72A /* Debug */,
				AB528518266D1B47005BA72A /* Release */,
			);
			defaultConfigurationIsVisible = 0;
			defaultConfigurationName = Release;
		};
		AB528519266D1B47005BA72A /* Build configuration list for PBXNativeTarget "A-CommerceTests" */ = {
			isa = XCConfigurationList;
			buildConfigurations = (
				AB52851A266D1B47005BA72A /* Debug */,
				AB52851B266D1B47005BA72A /* Release */,
			);
			defaultConfigurationIsVisible = 0;
			defaultConfigurationName = Release;
		};
		AB52851C266D1B47005BA72A /* Build configuration list for PBXNativeTarget "A-CommerceUITests" */ = {
			isa = XCConfigurationList;
			buildConfigurations = (
				AB52851D266D1B47005BA72A /* Debug */,
				AB52851E266D1B47005BA72A /* Release */,
			);
			defaultConfigurationIsVisible = 0;
			defaultConfigurationName = Release;
		};
/* End XCConfigurationList section */

/* Begin XCVersionGroup section */
		AB5284F5266D1B46005BA72A /* A_Commerce.xcdatamodeld */ = {
			isa = XCVersionGroup;
			children = (
				AB5284F6266D1B46005BA72A /* A_Commerce.xcdatamodel */,
			);
			currentVersion = AB5284F6266D1B46005BA72A /* A_Commerce.xcdatamodel */;
			path = A_Commerce.xcdatamodeld;
			sourceTree = "<group>";
			versionGroupType = wrapper.xcdatamodel;
		};
/* End XCVersionGroup section */
	};
	rootObject = AB5284E1266D1B46005BA72A /* Project object */;
}
